
Microsoft Visual Studio Solution File, Format Version 12.00
# Visual Studio Version 16
VisualStudioVersion = 16.0.31005.135
MinimumVisualStudioVersion = 10.0.40219.1
Project("{F16D4249-6279-474E-8826-742E7FF7445C}") = "Hex-2.0.1", "Hex-2.0.1.z80cdproj", "{1956261D-0D24-4A6F-868F-96722EE27622}"
EndProject
Global
	GlobalSection(SolutionProperties) = preSolution
		HideSolutionNode = FALSE
	EndGlobalSection
	GlobalSection(ExtensibilityGlobals) = postSolution
		SolutionGuid = {D9352019-2109-4F7E-BC08-F73337C42C59}
	EndGlobalSection
EndGlobal
